
Microsoft Visual Studio Solution File, Format Version 12.00
# Visual Studio Version 17
VisualStudioVersion = 17.0.32112.339
MinimumVisualStudioVersion = 10.0.40219.1
Project("{FAE04EC0-301F-11D3-BF4B-00C04F79EFBC}") = "HRHelper", "HRHelper\HRHelper.csproj", "{ABDDC291-ABA3-476E-91C0-727679AAD940}"
EndProject
Global
	GlobalSection(SolutionConfigurationPlatforms) = preSolution
		Debug|Any CPU = Debug|Any CPU
		Release|Any CPU = Release|Any CPU
	EndGlobalSection
	GlobalSection(ProjectConfigurationPlatforms) = postSolution
		{ABDDC291-ABA3-476E-91C0-727679AAD940}.Debug|Any CPU.ActiveCfg = Debug|Any CPU
		{ABDDC291-ABA3-476E-91C0-727679AAD940}.Debug|Any CPU.Build.0 = Debug|Any CPU
		{ABDDC291-ABA3-476E-91C0-727679AAD940}.Release|Any CPU.ActiveCfg = Release|Any CPU
		{ABDDC291-ABA3-476E-91C0-727679AAD940}.Release|Any CPU.Build.0 = Release|Any CPU
	EndGlobalSection
	GlobalSection(SolutionProperties) = preSolution
		HideSolutionNode = FALSE
	EndGlobalSection
	GlobalSection(ExtensibilityGlobals) = postSolution
		SolutionGuid = {EF651792-EEDF-4A6F-B162-9284D78DB5EE}
	EndGlobalSection
EndGlobal
