
Microsoft Visual Studio Solution File, Format Version 12.00
# Visual Studio Version 17
VisualStudioVersion = 17.0.32112.339
MinimumVisualStudioVersion = 10.0.40219.1
Project("{9A19103F-16F7-4668-BE54-9A1E7A4F7556}") = "HRHelper", "HRHelper\HRHelper.csproj", "{ABDDC291-ABA3-476E-91C0-727679AAD940}"
EndProject
Project("{2150E333-8FDC-42A3-9474-1A3956D46DE8}") = "1) WEB", "1) WEB", "{5A8E43D5-5E9D-4912-B257-720FB43F721E}"
EndProject
Project("{2150E333-8FDC-42A3-9474-1A3956D46DE8}") = "2) Application", "2) Application", "{D7357ACD-FB6B-4870-A037-19B580D8A47C}"
EndProject
Project("{2150E333-8FDC-42A3-9474-1A3956D46DE8}") = "3) Domain", "3) Domain", "{C8FB2309-3920-4C95-B5E2-22D04A823953}"
EndProject
Project("{2150E333-8FDC-42A3-9474-1A3956D46DE8}") = "4) Infrastructure", "4) Infrastructure", "{8F161399-DCD4-4933-8917-271246ECB4FA}"
EndProject
Project("{9A19103F-16F7-4668-BE54-9A1E7A4F7556}") = "HRHelper.Application", "HRHelper.Application\HRHelper.Application.csproj", "{2126C7E9-53A4-4A52-ADDB-6ADE1B9C4C87}"
EndProject
Project("{9A19103F-16F7-4668-BE54-9A1E7A4F7556}") = "HRHelper.Domain", "HRHelper.Domain\HRHelper.Domain.csproj", "{E22B1459-E4D7-4879-AE1B-F882580C5CDE}"
EndProject
Project("{2150E333-8FDC-42A3-9474-1A3956D46DE8}") = "4.1) Data", "4.1) Data", "{FE0A4936-551C-4888-8809-40C390E712E5}"
EndProject
Project("{2150E333-8FDC-42A3-9474-1A3956D46DE8}") = "4.2) CrossCutting", "4.2) CrossCutting", "{A55F6152-CB75-4CF8-AB14-8BE1483C2062}"
EndProject
Project("{9A19103F-16F7-4668-BE54-9A1E7A4F7556}") = "HRHelper.Data", "HRHelper.Data\HRHelper.Data.csproj", "{8353A67B-F5D9-4C2F-8B71-6B6EF0E73CFD}"
EndProject
Project("{9A19103F-16F7-4668-BE54-9A1E7A4F7556}") = "HRHelper.IoC", "HRHelper.IoC\HRHelper.IoC.csproj", "{B09DAEA1-55C6-458F-9E98-625D5A157609}"
EndProject
Project("{FAE04EC0-301F-11D3-BF4B-00C04F79EFBC}") = "HRHelper.Login", "HRHelper.Login\HRHelper.Login.csproj", "{2E84AE08-F36F-48B4-9B6D-E9B4F204AE56}"
EndProject
Global
	GlobalSection(SolutionConfigurationPlatforms) = preSolution
		Debug|Any CPU = Debug|Any CPU
		Release|Any CPU = Release|Any CPU
	EndGlobalSection
	GlobalSection(ProjectConfigurationPlatforms) = postSolution
		{ABDDC291-ABA3-476E-91C0-727679AAD940}.Debug|Any CPU.ActiveCfg = Debug|Any CPU
		{ABDDC291-ABA3-476E-91C0-727679AAD940}.Debug|Any CPU.Build.0 = Debug|Any CPU
		{ABDDC291-ABA3-476E-91C0-727679AAD940}.Release|Any CPU.ActiveCfg = Release|Any CPU
		{ABDDC291-ABA3-476E-91C0-727679AAD940}.Release|Any CPU.Build.0 = Release|Any CPU
		{2126C7E9-53A4-4A52-ADDB-6ADE1B9C4C87}.Debug|Any CPU.ActiveCfg = Debug|Any CPU
		{2126C7E9-53A4-4A52-ADDB-6ADE1B9C4C87}.Debug|Any CPU.Build.0 = Debug|Any CPU
		{2126C7E9-53A4-4A52-ADDB-6ADE1B9C4C87}.Release|Any CPU.ActiveCfg = Release|Any CPU
		{2126C7E9-53A4-4A52-ADDB-6ADE1B9C4C87}.Release|Any CPU.Build.0 = Release|Any CPU
		{E22B1459-E4D7-4879-AE1B-F882580C5CDE}.Debug|Any CPU.ActiveCfg = Debug|Any CPU
		{E22B1459-E4D7-4879-AE1B-F882580C5CDE}.Debug|Any CPU.Build.0 = Debug|Any CPU
		{E22B1459-E4D7-4879-AE1B-F882580C5CDE}.Release|Any CPU.ActiveCfg = Release|Any CPU
		{E22B1459-E4D7-4879-AE1B-F882580C5CDE}.Release|Any CPU.Build.0 = Release|Any CPU
		{8353A67B-F5D9-4C2F-8B71-6B6EF0E73CFD}.Debug|Any CPU.ActiveCfg = Debug|Any CPU
		{8353A67B-F5D9-4C2F-8B71-6B6EF0E73CFD}.Debug|Any CPU.Build.0 = Debug|Any CPU
		{8353A67B-F5D9-4C2F-8B71-6B6EF0E73CFD}.Release|Any CPU.ActiveCfg = Release|Any CPU
		{8353A67B-F5D9-4C2F-8B71-6B6EF0E73CFD}.Release|Any CPU.Build.0 = Release|Any CPU
		{B09DAEA1-55C6-458F-9E98-625D5A157609}.Debug|Any CPU.ActiveCfg = Debug|Any CPU
		{B09DAEA1-55C6-458F-9E98-625D5A157609}.Debug|Any CPU.Build.0 = Debug|Any CPU
		{B09DAEA1-55C6-458F-9E98-625D5A157609}.Release|Any CPU.ActiveCfg = Release|Any CPU
		{B09DAEA1-55C6-458F-9E98-625D5A157609}.Release|Any CPU.Build.0 = Release|Any CPU
		{2E84AE08-F36F-48B4-9B6D-E9B4F204AE56}.Debug|Any CPU.ActiveCfg = Debug|Any CPU
		{2E84AE08-F36F-48B4-9B6D-E9B4F204AE56}.Debug|Any CPU.Build.0 = Debug|Any CPU
		{2E84AE08-F36F-48B4-9B6D-E9B4F204AE56}.Release|Any CPU.ActiveCfg = Release|Any CPU
		{2E84AE08-F36F-48B4-9B6D-E9B4F204AE56}.Release|Any CPU.Build.0 = Release|Any CPU
	EndGlobalSection
	GlobalSection(SolutionProperties) = preSolution
		HideSolutionNode = FALSE
	EndGlobalSection
	GlobalSection(NestedProjects) = preSolution
		{ABDDC291-ABA3-476E-91C0-727679AAD940} = {5A8E43D5-5E9D-4912-B257-720FB43F721E}
		{2126C7E9-53A4-4A52-ADDB-6ADE1B9C4C87} = {D7357ACD-FB6B-4870-A037-19B580D8A47C}
		{E22B1459-E4D7-4879-AE1B-F882580C5CDE} = {C8FB2309-3920-4C95-B5E2-22D04A823953}
		{FE0A4936-551C-4888-8809-40C390E712E5} = {8F161399-DCD4-4933-8917-271246ECB4FA}
		{A55F6152-CB75-4CF8-AB14-8BE1483C2062} = {8F161399-DCD4-4933-8917-271246ECB4FA}
		{8353A67B-F5D9-4C2F-8B71-6B6EF0E73CFD} = {FE0A4936-551C-4888-8809-40C390E712E5}
		{B09DAEA1-55C6-458F-9E98-625D5A157609} = {A55F6152-CB75-4CF8-AB14-8BE1483C2062}
		{2E84AE08-F36F-48B4-9B6D-E9B4F204AE56} = {A55F6152-CB75-4CF8-AB14-8BE1483C2062}
	EndGlobalSection
	GlobalSection(ExtensibilityGlobals) = postSolution
		SolutionGuid = {EF651792-EEDF-4A6F-B162-9284D78DB5EE}
	EndGlobalSection
EndGlobal
